
Microsoft Visual Studio Solution File, Format Version 12.00
# Visual Studio Version 16
VisualStudioVersion = 16.0.30517.126
MinimumVisualStudioVersion = 10.0.40219.1
Project("{9A19103F-16F7-4668-BE54-9A1E7A4F7556}") = "GOC", "GOC\GOC.csproj", "{A66FD847-094E-4406-8B0C-151CAB76B795}"
EndProject
Project("{9A19103F-16F7-4668-BE54-9A1E7A4F7556}") = "DIContainerDemo", "DIContainerDemo\DIContainerDemo.csproj", "{8CE5D547-07C6-480C-B3DF-3F7F8A6CBA76}"
EndProject
Project("{9A19103F-16F7-4668-BE54-9A1E7A4F7556}") = "Common", "Common\Common.csproj", "{82E5F798-7D31-49FC-8BD1-071B6CE3B280}"
EndProject
Project("{FAE04EC0-301F-11D3-BF4B-00C04F79EFBC}") = "API", "API\API.csproj", "{BEF8478B-6041-4054-9668-B4836437CC82}"
EndProject
Global
	GlobalSection(SolutionConfigurationPlatforms) = preSolution
		Debug|Any CPU = Debug|Any CPU
		Release|Any CPU = Release|Any CPU
	EndGlobalSection
	GlobalSection(ProjectConfigurationPlatforms) = postSolution
		{A66FD847-094E-4406-8B0C-151CAB76B795}.Debug|Any CPU.ActiveCfg = Debug|Any CPU
		{A66FD847-094E-4406-8B0C-151CAB76B795}.Debug|Any CPU.Build.0 = Debug|Any CPU
		{A66FD847-094E-4406-8B0C-151CAB76B795}.Release|Any CPU.ActiveCfg = Release|Any CPU
		{A66FD847-094E-4406-8B0C-151CAB76B795}.Release|Any CPU.Build.0 = Release|Any CPU
		{8CE5D547-07C6-480C-B3DF-3F7F8A6CBA76}.Debug|Any CPU.ActiveCfg = Debug|Any CPU
		{8CE5D547-07C6-480C-B3DF-3F7F8A6CBA76}.Debug|Any CPU.Build.0 = Debug|Any CPU
		{8CE5D547-07C6-480C-B3DF-3F7F8A6CBA76}.Release|Any CPU.ActiveCfg = Release|Any CPU
		{8CE5D547-07C6-480C-B3DF-3F7F8A6CBA76}.Release|Any CPU.Build.0 = Release|Any CPU
		{82E5F798-7D31-49FC-8BD1-071B6CE3B280}.Debug|Any CPU.ActiveCfg = Debug|Any CPU
		{82E5F798-7D31-49FC-8BD1-071B6CE3B280}.Debug|Any CPU.Build.0 = Debug|Any CPU
		{82E5F798-7D31-49FC-8BD1-071B6CE3B280}.Release|Any CPU.ActiveCfg = Release|Any CPU
		{82E5F798-7D31-49FC-8BD1-071B6CE3B280}.Release|Any CPU.Build.0 = Release|Any CPU
		{BEF8478B-6041-4054-9668-B4836437CC82}.Debug|Any CPU.ActiveCfg = Debug|Any CPU
		{BEF8478B-6041-4054-9668-B4836437CC82}.Debug|Any CPU.Build.0 = Debug|Any CPU
		{BEF8478B-6041-4054-9668-B4836437CC82}.Release|Any CPU.ActiveCfg = Release|Any CPU
		{BEF8478B-6041-4054-9668-B4836437CC82}.Release|Any CPU.Build.0 = Release|Any CPU
	EndGlobalSection
	GlobalSection(SolutionProperties) = preSolution
		HideSolutionNode = FALSE
	EndGlobalSection
	GlobalSection(ExtensibilityGlobals) = postSolution
		SolutionGuid = {1121EF04-0017-4684-AD78-86369FDEBCA6}
	EndGlobalSection
EndGlobal
